uuid: f79672a9-3912-4207-84c5-b97993bf61f3
langcode: en
status: true
dependencies:
  config:
    - views.view.message_thread
  module:
    - ctools
    - views
  theme:
    - chris
id: views_block__message_thread_message_thread_block
theme: chris
region: content
weight: 0
provider: null
plugin: 'views_block:message_thread-message_thread_block'
settings:
  id: 'views_block:message_thread-message_thread_block'
  label: ''
  provider: views
  label_display: '0'
  views_label: ''
  items_per_page: none
  context_mapping: {  }
visibility:
  'entity_bundle:node':
    id: 'entity_bundle:node'
    bundles:
      message_thread: message_thread
    negate: false
    context_mapping:
      node: '@node.node_route_context:node'
